
Microsoft Visual Studio Solution File, Format Version 12.00
# Visual Studio Version 16
VisualStudioVersion = 16.0.29519.181
MinimumVisualStudioVersion = 10.0.40219.1
Project("{FAE04EC0-301F-11D3-BF4B-00C04F79EFBC}") = "CS_Timer", "CS_Timer\CS_Timer.csproj", "{DD36EF92-D003-4834-B272-5C42566D5A9F}"
EndProject
Global
	GlobalSection(SolutionConfigurationPlatforms) = preSolution
		Debug|Any CPU = Debug|Any CPU
		Release|Any CPU = Release|Any CPU
	EndGlobalSection
	GlobalSection(ProjectConfigurationPlatforms) = postSolution
		{DD36EF92-D003-4834-B272-5C42566D5A9F}.Debug|Any CPU.ActiveCfg = Debug|Any CPU
		{DD36EF92-D003-4834-B272-5C42566D5A9F}.Debug|Any CPU.Build.0 = Debug|Any CPU
		{DD36EF92-D003-4834-B272-5C42566D5A9F}.Release|Any CPU.ActiveCfg = Release|Any CPU
		{DD36EF92-D003-4834-B272-5C42566D5A9F}.Release|Any CPU.Build.0 = Release|Any CPU
	EndGlobalSection
	GlobalSection(SolutionProperties) = preSolution
		HideSolutionNode = FALSE
	EndGlobalSection
	GlobalSection(ExtensibilityGlobals) = postSolution
		SolutionGuid = {8D25F0E0-6564-4AD1-9CE1-53B6A1EFEE9E}
	EndGlobalSection
EndGlobal
